// !$*UTF8*$!
{
	archiveVersion = 1;
	classes = {
	};
	objectVersion = 52;
	objects = {

/* Begin PBXBuildFile section */
		2818D9D725EC2A8F00F30E5A /* APIServices.swift in Sources */ = {isa = PBXBuildFile; fileRef = 2818D9D625EC2A8F00F30E5A /* APIServices.swift */; };
		2818D9D825EC2A8F00F30E5A /* APIServices.swift in Sources */ = {isa = PBXBuildFile; fileRef = 2818D9D625EC2A8F00F30E5A /* APIServices.swift */; };
		2848937325E410BC00DB7426 /* SceneDelegate.swift in Sources */ = {isa = PBXBuildFile; fileRef = 2848937225E410BC00DB7426 /* SceneDelegate.swift */; };
		2848937525E410BC00DB7426 /* HomeCreditScoreVC.swift in Sources */ = {isa = PBXBuildFile; fileRef = 2848937425E410BC00DB7426 /* HomeCreditScoreVC.swift */; };
		2848937A25E410BD00DB7426 /* Assets.xcassets in Resources */ = {isa = PBXBuildFile; fileRef = 2848937925E410BD00DB7426 /* Assets.xcassets */; };
		2848937D25E410BD00DB7426 /* LaunchScreen.storyboard in Resources */ = {isa = PBXBuildFile; fileRef = 2848937B25E410BD00DB7426 /* LaunchScreen.storyboard */; };
		2848938825E410BD00DB7426 /* CreditScoreTests.swift in Sources */ = {isa = PBXBuildFile; fileRef = 2848938725E410BD00DB7426 /* CreditScoreTests.swift */; };
		284893A825E4111100DB7426 /* Staging.xcconfig in Resources */ = {isa = PBXBuildFile; fileRef = 284893A425E4111100DB7426 /* Staging.xcconfig */; };
		284893A925E4111100DB7426 /* Staging.xcconfig in Resources */ = {isa = PBXBuildFile; fileRef = 284893A425E4111100DB7426 /* Staging.xcconfig */; };
		284893AB25E4111100DB7426 /* Production.xcconfig in Resources */ = {isa = PBXBuildFile; fileRef = 284893A525E4111100DB7426 /* Production.xcconfig */; };
		284893AC25E4111100DB7426 /* Production.xcconfig in Resources */ = {isa = PBXBuildFile; fileRef = 284893A525E4111100DB7426 /* Production.xcconfig */; };
		284893AE25E4111100DB7426 /* Development.xcconfig in Resources */ = {isa = PBXBuildFile; fileRef = 284893A625E4111100DB7426 /* Development.xcconfig */; };
		284893AF25E4111100DB7426 /* Development.xcconfig in Resources */ = {isa = PBXBuildFile; fileRef = 284893A625E4111100DB7426 /* Development.xcconfig */; };
		284893B125E4111100DB7426 /* AppConfiguration.swift in Sources */ = {isa = PBXBuildFile; fileRef = 284893A725E4111100DB7426 /* AppConfiguration.swift */; };
		284893B225E4111100DB7426 /* AppConfiguration.swift in Sources */ = {isa = PBXBuildFile; fileRef = 284893A725E4111100DB7426 /* AppConfiguration.swift */; };
		284893C525E4121F00DB7426 /* AppRouter.swift in Sources */ = {isa = PBXBuildFile; fileRef = 284893C425E4121F00DB7426 /* AppRouter.swift */; };
		284893C625E4121F00DB7426 /* AppRouter.swift in Sources */ = {isa = PBXBuildFile; fileRef = 284893C425E4121F00DB7426 /* AppRouter.swift */; };
		284893CF25E4125E00DB7426 /* Extensions.swift in Sources */ = {isa = PBXBuildFile; fileRef = 284893CC25E4125E00DB7426 /* Extensions.swift */; };
		284893D025E4125E00DB7426 /* Extensions.swift in Sources */ = {isa = PBXBuildFile; fileRef = 284893CC25E4125E00DB7426 /* Extensions.swift */; };
		284893D225E4125E00DB7426 /* Helper.swift in Sources */ = {isa = PBXBuildFile; fileRef = 284893CD25E4125E00DB7426 /* Helper.swift */; };
		284893D325E4125E00DB7426 /* Helper.swift in Sources */ = {isa = PBXBuildFile; fileRef = 284893CD25E4125E00DB7426 /* Helper.swift */; };
		284893D525E4125E00DB7426 /* Constants.swift in Sources */ = {isa = PBXBuildFile; fileRef = 284893CE25E4125E00DB7426 /* Constants.swift */; };
		284893D625E4125E00DB7426 /* Constants.swift in Sources */ = {isa = PBXBuildFile; fileRef = 284893CE25E4125E00DB7426 /* Constants.swift */; };
		284893DF25E413FE00DB7426 /* Main.storyboard in Resources */ = {isa = PBXBuildFile; fileRef = 284893DE25E413FE00DB7426 /* Main.storyboard */; };
		284893E025E413FE00DB7426 /* Main.storyboard in Resources */ = {isa = PBXBuildFile; fileRef = 284893DE25E413FE00DB7426 /* Main.storyboard */; };
		2848940125E4163A00DB7426 /* SceneDelegate.swift in Sources */ = {isa = PBXBuildFile; fileRef = 2848937225E410BC00DB7426 /* SceneDelegate.swift */; };
		2848940625E4163F00DB7426 /* HomeCreditScoreVC.swift in Sources */ = {isa = PBXBuildFile; fileRef = 2848937425E410BC00DB7426 /* HomeCreditScoreVC.swift */; };
		2848942B25E4192300DB7426 /* CreditScore.swift in Sources */ = {isa = PBXBuildFile; fileRef = 2848942A25E4192300DB7426 /* CreditScore.swift */; };
		2848942C25E4192300DB7426 /* CreditScore.swift in Sources */ = {isa = PBXBuildFile; fileRef = 2848942A25E4192300DB7426 /* CreditScore.swift */; };
		2848944825E4224200DB7426 /* APICreditScoreProtocol.swift in Sources */ = {isa = PBXBuildFile; fileRef = 2848944425E4224100DB7426 /* APICreditScoreProtocol.swift */; };
		2848944925E4224200DB7426 /* APICreditScoreProtocol.swift in Sources */ = {isa = PBXBuildFile; fileRef = 2848944425E4224100DB7426 /* APICreditScoreProtocol.swift */; };
		2848944E25E4224200DB7426 /* HomeCreditScoreVMProtocol.swift in Sources */ = {isa = PBXBuildFile; fileRef = 2848944625E4224200DB7426 /* HomeCreditScoreVMProtocol.swift */; };
		2848944F25E4224200DB7426 /* HomeCreditScoreVMProtocol.swift in Sources */ = {isa = PBXBuildFile; fileRef = 2848944625E4224200DB7426 /* HomeCreditScoreVMProtocol.swift */; };
		2848945125E4224200DB7426 /* DonutVMProtocol.swift in Sources */ = {isa = PBXBuildFile; fileRef = 2848944725E4224200DB7426 /* DonutVMProtocol.swift */; };
		2848945225E4224200DB7426 /* DonutVMProtocol.swift in Sources */ = {isa = PBXBuildFile; fileRef = 2848944725E4224200DB7426 /* DonutVMProtocol.swift */; };
		2848946A25E422EE00DB7426 /* HomeCreditScoreVM.swift in Sources */ = {isa = PBXBuildFile; fileRef = 2848946925E422EE00DB7426 /* HomeCreditScoreVM.swift */; };
		2848946B25E422EE00DB7426 /* HomeCreditScoreVM.swift in Sources */ = {isa = PBXBuildFile; fileRef = 2848946925E422EE00DB7426 /* HomeCreditScoreVM.swift */; };
		2848947F25E423EE00DB7426 /* Localizable.strings in Resources */ = {isa = PBXBuildFile; fileRef = 2848947E25E423EE00DB7426 /* Localizable.strings */; };
		2848948025E423EE00DB7426 /* Localizable.strings in Resources */ = {isa = PBXBuildFile; fileRef = 2848947E25E423EE00DB7426 /* Localizable.strings */; };
		2848948A25E424B200DB7426 /* CreditScoreServices.swift in Sources */ = {isa = PBXBuildFile; fileRef = 2848948925E424B200DB7426 /* CreditScoreServices.swift */; };
		2848948B25E424B200DB7426 /* CreditScoreServices.swift in Sources */ = {isa = PBXBuildFile; fileRef = 2848948925E424B200DB7426 /* CreditScoreServices.swift */; };
		284894B225E44EE300DB7426 /* MockCreditScore.json in Resources */ = {isa = PBXBuildFile; fileRef = 284894B125E44EE300DB7426 /* MockCreditScore.json */; };
		284894B325E44EE300DB7426 /* MockCreditScore.json in Resources */ = {isa = PBXBuildFile; fileRef = 284894B125E44EE300DB7426 /* MockCreditScore.json */; };
		284894C225E457C800DB7426 /* DonutViewVM.swift in Sources */ = {isa = PBXBuildFile; fileRef = 284894C125E457C800DB7426 /* DonutViewVM.swift */; };
		284894C325E457C800DB7426 /* DonutViewVM.swift in Sources */ = {isa = PBXBuildFile; fileRef = 284894C125E457C800DB7426 /* DonutViewVM.swift */; };
		284894CC25E45A6200DB7426 /* ServiceRequest.swift in Sources */ = {isa = PBXBuildFile; fileRef = 284894CB25E45A6200DB7426 /* ServiceRequest.swift */; };
		284894CD25E45A6200DB7426 /* ServiceRequest.swift in Sources */ = {isa = PBXBuildFile; fileRef = 284894CB25E45A6200DB7426 /* ServiceRequest.swift */; };
		2849D7E325E546160017F265 /* CreditScoreServicesMock.swift in Sources */ = {isa = PBXBuildFile; fileRef = 2849D7E225E546160017F265 /* CreditScoreServicesMock.swift */; };
		2849D7E425E546160017F265 /* CreditScoreServicesMock.swift in Sources */ = {isa = PBXBuildFile; fileRef = 2849D7E225E546160017F265 /* CreditScoreServicesMock.swift */; };
		2849D7EB25E5462F0017F265 /* HomeCreditScoreVMTests.swift in Sources */ = {isa = PBXBuildFile; fileRef = 2849D7EA25E5462F0017F265 /* HomeCreditScoreVMTests.swift */; };
		285C65CB25ED5A37000011F0 /* Alamofire in Frameworks */ = {isa = PBXBuildFile; productRef = 285C65CA25ED5A37000011F0 /* Alamofire */; };
		28602DA925E9CF1B008F089D /* LaunchScreen.storyboard in Resources */ = {isa = PBXBuildFile; fileRef = 2848937B25E410BD00DB7426 /* LaunchScreen.storyboard */; };
		28602DF225E9CF57008F089D /* Assets.xcassets in Resources */ = {isa = PBXBuildFile; fileRef = 2848937925E410BD00DB7426 /* Assets.xcassets */; };
		28602E0325E9CFAA008F089D /* CreditScoreUITests.swift in Sources */ = {isa = PBXBuildFile; fileRef = 28602E0225E9CFAA008F089D /* CreditScoreUITests.swift */; };
		287ED9F125ED9824007ABCFF /* DonutView.swift in Sources */ = {isa = PBXBuildFile; fileRef = 287ED9EF25ED9824007ABCFF /* DonutView.swift */; };
		287ED9F225ED9824007ABCFF /* DonutView.swift in Sources */ = {isa = PBXBuildFile; fileRef = 287ED9EF25ED9824007ABCFF /* DonutView.swift */; };
		287ED9F325ED9824007ABCFF /* DonutView.swift in Sources */ = {isa = PBXBuildFile; fileRef = 287ED9EF25ED9824007ABCFF /* DonutView.swift */; };
		287ED9F425ED9824007ABCFF /* DonutView.xib in Resources */ = {isa = PBXBuildFile; fileRef = 287ED9F025ED9824007ABCFF /* DonutView.xib */; };
		287ED9F525ED9824007ABCFF /* DonutView.xib in Resources */ = {isa = PBXBuildFile; fileRef = 287ED9F025ED9824007ABCFF /* DonutView.xib */; };
		287ED9F625ED9824007ABCFF /* DonutView.xib in Resources */ = {isa = PBXBuildFile; fileRef = 287ED9F025ED9824007ABCFF /* DonutView.xib */; };
		28871DB625E87499005F881B /* DonutViewVMTests.swift in Sources */ = {isa = PBXBuildFile; fileRef = 28871DB525E87499005F881B /* DonutViewVMTests.swift */; };
		28AD401925EEF4BC0074AEA1 /* DetailCreditScoreVC.swift in Sources */ = {isa = PBXBuildFile; fileRef = 28AD401825EEF4BC0074AEA1 /* DetailCreditScoreVC.swift */; };
		28AD401A25EEF4BC0074AEA1 /* DetailCreditScoreVC.swift in Sources */ = {isa = PBXBuildFile; fileRef = 28AD401825EEF4BC0074AEA1 /* DetailCreditScoreVC.swift */; };
		28AD401B25EEF4BC0074AEA1 /* DetailCreditScoreVC.swift in Sources */ = {isa = PBXBuildFile; fileRef = 28AD401825EEF4BC0074AEA1 /* DetailCreditScoreVC.swift */; };
		28D18F9F25EC5891005C2439 /* HomeCreditScoreVCTests.swift in Sources */ = {isa = PBXBuildFile; fileRef = 28D18F9E25EC5891005C2439 /* HomeCreditScoreVCTests.swift */; };
		28FBD07A25ED712E00649A5F /* AppDelegate.swift in Sources */ = {isa = PBXBuildFile; fileRef = 28FBD07925ED712E00649A5F /* AppDelegate.swift */; };
		28FBD07B25ED712E00649A5F /* AppDelegate.swift in Sources */ = {isa = PBXBuildFile; fileRef = 28FBD07925ED712E00649A5F /* AppDelegate.swift */; };
		28FBD07C25ED712E00649A5F /* AppDelegate.swift in Sources */ = {isa = PBXBuildFile; fileRef = 28FBD07925ED712E00649A5F /* AppDelegate.swift */; };
/* End PBXBuildFile section */

/* Begin PBXContainerItemProxy section */
		2848938425E410BD00DB7426 /* PBXContainerItemProxy */ = {
			isa = PBXContainerItemProxy;
			containerPortal = 2848936525E410BC00DB7426 /* Project object */;
			proxyType = 1;
			remoteGlobalIDString = 2848936C25E410BC00DB7426;
			remoteInfo = Character;
		};
		28602E0525E9CFAA008F089D /* PBXContainerItemProxy */ = {
			isa = PBXContainerItemProxy;
			containerPortal = 2848936525E410BC00DB7426 /* Project object */;
			proxyType = 1;
			remoteGlobalIDString = 2848936C25E410BC00DB7426;
			remoteInfo = Character;
		};
/* End PBXContainerItemProxy section */

/* Begin PBXFileReference section */
		2818D9D625EC2A8F00F30E5A /* APIServices.swift */ = {isa = PBXFileReference; lastKnownFileType = sourcecode.swift; path = APIServices.swift; sourceTree = "<group>"; };
		2848936D25E410BC00DB7426 /* CreditScore.app */ = {isa = PBXFileReference; explicitFileType = wrapper.application; includeInIndex = 0; path = CreditScore.app; sourceTree = BUILT_PRODUCTS_DIR; };
		2848937225E410BC00DB7426 /* SceneDelegate.swift */ = {isa = PBXFileReference; lastKnownFileType = sourcecode.swift; path = SceneDelegate.swift; sourceTree = "<group>"; };
		2848937425E410BC00DB7426 /* HomeCreditScoreVC.swift */ = {isa = PBXFileReference; lastKnownFileType = sourcecode.swift; path = HomeCreditScoreVC.swift; sourceTree = "<group>"; };
		2848937925E410BD00DB7426 /* Assets.xcassets */ = {isa = PBXFileReference; lastKnownFileType = folder.assetcatalog; path = Assets.xcassets; sourceTree = "<group>"; };
		2848937C25E410BD00DB7426 /* Base */ = {isa = PBXFileReference; lastKnownFileType = file.storyboard; name = Base; path = Base.lproj/LaunchScreen.storyboard; sourceTree = "<group>"; };
		2848937E25E410BD00DB7426 /* Info.plist */ = {isa = PBXFileReference; lastKnownFileType = text.plist.xml; path = Info.plist; sourceTree = "<group>"; };
		2848938325E410BD00DB7426 /* CreditScoreTests.xctest */ = {isa = PBXFileReference; explicitFileType = wrapper.cfbundle; includeInIndex = 0; path = CreditScoreTests.xctest; sourceTree = BUILT_PRODUCTS_DIR; };
		2848938725E410BD00DB7426 /* CreditScoreTests.swift */ = {isa = PBXFileReference; lastKnownFileType = sourcecode.swift; path = CreditScoreTests.swift; sourceTree = "<group>"; };
		2848938925E410BD00DB7426 /* Info.plist */ = {isa = PBXFileReference; lastKnownFileType = text.plist.xml; path = Info.plist; sourceTree = "<group>"; };
		284893A425E4111100DB7426 /* Staging.xcconfig */ = {isa = PBXFileReference; fileEncoding = 4; lastKnownFileType = text.xcconfig; path = Staging.xcconfig; sourceTree = "<group>"; };
		284893A525E4111100DB7426 /* Production.xcconfig */ = {isa = PBXFileReference; fileEncoding = 4; lastKnownFileType = text.xcconfig; path = Production.xcconfig; sourceTree = "<group>"; };
		284893A625E4111100DB7426 /* Development.xcconfig */ = {isa = PBXFileReference; fileEncoding = 4; lastKnownFileType = text.xcconfig; path = Development.xcconfig; sourceTree = "<group>"; };
		284893A725E4111100DB7426 /* AppConfiguration.swift */ = {isa = PBXFileReference; fileEncoding = 4; lastKnownFileType = sourcecode.swift; path = AppConfiguration.swift; sourceTree = "<group>"; };
		284893C425E4121F00DB7426 /* AppRouter.swift */ = {isa = PBXFileReference; fileEncoding = 4; lastKnownFileType = sourcecode.swift; path = AppRouter.swift; sourceTree = "<group>"; };
		284893CC25E4125E00DB7426 /* Extensions.swift */ = {isa = PBXFileReference; fileEncoding = 4; lastKnownFileType = sourcecode.swift; path = Extensions.swift; sourceTree = "<group>"; };
		284893CD25E4125E00DB7426 /* Helper.swift */ = {isa = PBXFileReference; fileEncoding = 4; lastKnownFileType = sourcecode.swift; path = Helper.swift; sourceTree = "<group>"; };
		284893CE25E4125E00DB7426 /* Constants.swift */ = {isa = PBXFileReference; fileEncoding = 4; lastKnownFileType = sourcecode.swift; path = Constants.swift; sourceTree = "<group>"; };
		284893DE25E413FE00DB7426 /* Main.storyboard */ = {isa = PBXFileReference; lastKnownFileType = file.storyboard; path = Main.storyboard; sourceTree = "<group>"; };
		2848942A25E4192300DB7426 /* CreditScore.swift */ = {isa = PBXFileReference; lastKnownFileType = sourcecode.swift; path = CreditScore.swift; sourceTree = "<group>"; };
		2848944425E4224100DB7426 /* APICreditScoreProtocol.swift */ = {isa = PBXFileReference; fileEncoding = 4; lastKnownFileType = sourcecode.swift; path = APICreditScoreProtocol.swift; sourceTree = "<group>"; };
		2848944625E4224200DB7426 /* HomeCreditScoreVMProtocol.swift */ = {isa = PBXFileReference; fileEncoding = 4; lastKnownFileType = sourcecode.swift; path = HomeCreditScoreVMProtocol.swift; sourceTree = "<group>"; };
		2848944725E4224200DB7426 /* DonutVMProtocol.swift */ = {isa = PBXFileReference; fileEncoding = 4; lastKnownFileType = sourcecode.swift; path = DonutVMProtocol.swift; sourceTree = "<group>"; };
		2848946925E422EE00DB7426 /* HomeCreditScoreVM.swift */ = {isa = PBXFileReference; lastKnownFileType = sourcecode.swift; path = HomeCreditScoreVM.swift; sourceTree = "<group>"; };
		2848947E25E423EE00DB7426 /* Localizable.strings */ = {isa = PBXFileReference; lastKnownFileType = text.plist.strings; path = Localizable.strings; sourceTree = "<group>"; };
		2848948925E424B200DB7426 /* CreditScoreServices.swift */ = {isa = PBXFileReference; lastKnownFileType = sourcecode.swift; path = CreditScoreServices.swift; sourceTree = "<group>"; };
		284894B125E44EE300DB7426 /* MockCreditScore.json */ = {isa = PBXFileReference; fileEncoding = 4; lastKnownFileType = text.json; path = MockCreditScore.json; sourceTree = "<group>"; };
		284894C125E457C800DB7426 /* DonutViewVM.swift */ = {isa = PBXFileReference; lastKnownFileType = sourcecode.swift; path = DonutViewVM.swift; sourceTree = "<group>"; };
		284894CB25E45A6200DB7426 /* ServiceRequest.swift */ = {isa = PBXFileReference; lastKnownFileType = sourcecode.swift; path = ServiceRequest.swift; sourceTree = "<group>"; };
		2849D7E225E546160017F265 /* CreditScoreServicesMock.swift */ = {isa = PBXFileReference; lastKnownFileType = sourcecode.swift; path = CreditScoreServicesMock.swift; sourceTree = "<group>"; };
		2849D7EA25E5462F0017F265 /* HomeCreditScoreVMTests.swift */ = {isa = PBXFileReference; lastKnownFileType = sourcecode.swift; path = HomeCreditScoreVMTests.swift; sourceTree = "<group>"; };
		28602E0025E9CFAA008F089D /* CreditScoreUITests.xctest */ = {isa = PBXFileReference; explicitFileType = wrapper.cfbundle; includeInIndex = 0; path = CreditScoreUITests.xctest; sourceTree = BUILT_PRODUCTS_DIR; };
		28602E0225E9CFAA008F089D /* CreditScoreUITests.swift */ = {isa = PBXFileReference; lastKnownFileType = sourcecode.swift; path = CreditScoreUITests.swift; sourceTree = "<group>"; };
		28602E0425E9CFAA008F089D /* Info.plist */ = {isa = PBXFileReference; lastKnownFileType = text.plist.xml; path = Info.plist; sourceTree = "<group>"; };
		287ED9EF25ED9824007ABCFF /* DonutView.swift */ = {isa = PBXFileReference; fileEncoding = 4; lastKnownFileType = sourcecode.swift; path = DonutView.swift; sourceTree = "<group>"; };
		287ED9F025ED9824007ABCFF /* DonutView.xib */ = {isa = PBXFileReference; fileEncoding = 4; lastKnownFileType = file.xib; path = DonutView.xib; sourceTree = "<group>"; };
		28871DB525E87499005F881B /* DonutViewVMTests.swift */ = {isa = PBXFileReference; lastKnownFileType = sourcecode.swift; path = DonutViewVMTests.swift; sourceTree = "<group>"; };
		28AD401825EEF4BC0074AEA1 /* DetailCreditScoreVC.swift */ = {isa = PBXFileReference; lastKnownFileType = sourcecode.swift; path = DetailCreditScoreVC.swift; sourceTree = "<group>"; };
		28D18F9E25EC5891005C2439 /* HomeCreditScoreVCTests.swift */ = {isa = PBXFileReference; lastKnownFileType = sourcecode.swift; path = HomeCreditScoreVCTests.swift; sourceTree = "<group>"; };
		28FBD07925ED712E00649A5F /* AppDelegate.swift */ = {isa = PBXFileReference; fileEncoding = 4; lastKnownFileType = sourcecode.swift; path = AppDelegate.swift; sourceTree = "<group>"; };
/* End PBXFileReference section */

/* Begin PBXFrameworksBuildPhase section */
		2848936A25E410BC00DB7426 /* Frameworks */ = {
			isa = PBXFrameworksBuildPhase;
			buildActionMask = 2147483647;
			files = (
				285C65CB25ED5A37000011F0 /* Alamofire in Frameworks */,
			);
			runOnlyForDeploymentPostprocessing = 0;
		};
		2848938025E410BD00DB7426 /* Frameworks */ = {
			isa = PBXFrameworksBuildPhase;
			buildActionMask = 2147483647;
			files = (
			);
			runOnlyForDeploymentPostprocessing = 0;
		};
		28602DFD25E9CFAA008F089D /* Frameworks */ = {
			isa = PBXFrameworksBuildPhase;
			buildActionMask = 2147483647;
			files = (
			);
			runOnlyForDeploymentPostprocessing = 0;
		};
/* End PBXFrameworksBuildPhase section */

/* Begin PBXGroup section */
		2842623425E9A51E0067E43D /* Home */ = {
			isa = PBXGroup;
			children = (
				2849D7EA25E5462F0017F265 /* HomeCreditScoreVMTests.swift */,
				28871DB525E87499005F881B /* DonutViewVMTests.swift */,
			);
			path = Home;
			sourceTree = "<group>";
		};
		2848936425E410BC00DB7426 = {
			isa = PBXGroup;
			children = (
				2848936F25E410BC00DB7426 /* CreditScore */,
				2848938625E410BD00DB7426 /* CreditScoreTests */,
				28602E0125E9CFAA008F089D /* CreditScoreUITests */,
				2848936E25E410BC00DB7426 /* Products */,
			);
			sourceTree = "<group>";
		};
		2848936E25E410BC00DB7426 /* Products */ = {
			isa = PBXGroup;
			children = (
				2848936D25E410BC00DB7426 /* CreditScore.app */,
				2848938325E410BD00DB7426 /* CreditScoreTests.xctest */,
				28602E0025E9CFAA008F089D /* CreditScoreUITests.xctest */,
			);
			name = Products;
			sourceTree = "<group>";
		};
		2848936F25E410BC00DB7426 /* CreditScore */ = {
			isa = PBXGroup;
			children = (
				284893A325E410EE00DB7426 /* AppConfiguration */,
				284893B725E4111A00DB7426 /* AppDelegate */,
				2848944325E4221D00DB7426 /* Protocol */,
				2848942625E418FB00DB7426 /* Model */,
				284893CB25E4124600DB7426 /* Common */,
				2848948525E4246D00DB7426 /* Services */,
				284893C325E4120800DB7426 /* AppRouter */,
				284893BB25E4113200DB7426 /* View */,
				284893BF25E4116100DB7426 /* ViewModel */,
				2848947D25E423D600DB7426 /* Resources */,
				2848937925E410BD00DB7426 /* Assets.xcassets */,
				2848937E25E410BD00DB7426 /* Info.plist */,
			);
			path = CreditScore;
			sourceTree = "<group>";
		};
		2848938625E410BD00DB7426 /* CreditScoreTests */ = {
			isa = PBXGroup;
			children = (
				2849D7D625E545D90017F265 /* Services */,
				28D18F9C25EC5870005C2439 /* View */,
				2849D7E925E5461C0017F265 /* VM */,
				2848938725E410BD00DB7426 /* CreditScoreTests.swift */,
				2848938925E410BD00DB7426 /* Info.plist */,
			);
			path = CreditScoreTests;
			sourceTree = "<group>";
		};
		284893A325E410EE00DB7426 /* AppConfiguration */ = {
			isa = PBXGroup;
			children = (
				284893A725E4111100DB7426 /* AppConfiguration.swift */,
				284893A625E4111100DB7426 /* Development.xcconfig */,
				284893A525E4111100DB7426 /* Production.xcconfig */,
				284893A425E4111100DB7426 /* Staging.xcconfig */,
			);
			path = AppConfiguration;
			sourceTree = "<group>";
		};
		284893B725E4111A00DB7426 /* AppDelegate */ = {
			isa = PBXGroup;
			children = (
				28FBD07925ED712E00649A5F /* AppDelegate.swift */,
				2848937225E410BC00DB7426 /* SceneDelegate.swift */,
			);
			path = AppDelegate;
			sourceTree = "<group>";
		};
		284893BB25E4113200DB7426 /* View */ = {
			isa = PBXGroup;
			children = (
				284893BC25E4113F00DB7426 /* Storyboard */,
				28B506DB25EE3A01001A00FC /* DonutView */,
				284893BD25E4114300DB7426 /* Home */,
				28AD401725EEF4930074AEA1 /* Detail */,
			);
			path = View;
			sourceTree = "<group>";
		};
		284893BC25E4113F00DB7426 /* Storyboard */ = {
			isa = PBXGroup;
			children = (
				2848937B25E410BD00DB7426 /* LaunchScreen.storyboard */,
				284893DE25E413FE00DB7426 /* Main.storyboard */,
			);
			path = Storyboard;
			sourceTree = "<group>";
		};
		284893BD25E4114300DB7426 /* Home */ = {
			isa = PBXGroup;
			children = (
				2848937425E410BC00DB7426 /* HomeCreditScoreVC.swift */,
			);
			path = Home;
			sourceTree = "<group>";
		};
		284893BF25E4116100DB7426 /* ViewModel */ = {
			isa = PBXGroup;
			children = (
				289C01F225E942310006CA39 /* Home */,
			);
			path = ViewModel;
			sourceTree = "<group>";
		};
		284893C325E4120800DB7426 /* AppRouter */ = {
			isa = PBXGroup;
			children = (
				284893C425E4121F00DB7426 /* AppRouter.swift */,
			);
			path = AppRouter;
			sourceTree = "<group>";
		};
		284893CB25E4124600DB7426 /* Common */ = {
			isa = PBXGroup;
			children = (
				284893CE25E4125E00DB7426 /* Constants.swift */,
				284893CC25E4125E00DB7426 /* Extensions.swift */,
				284893CD25E4125E00DB7426 /* Helper.swift */,
			);
			path = Common;
			sourceTree = "<group>";
		};
		2848942625E418FB00DB7426 /* Model */ = {
			isa = PBXGroup;
			children = (
				2848942A25E4192300DB7426 /* CreditScore.swift */,
			);
			path = Model;
			sourceTree = "<group>";
		};
		2848944325E4221D00DB7426 /* Protocol */ = {
			isa = PBXGroup;
			children = (
				289C021925E9453E0006CA39 /* Service */,
				289C021825E945370006CA39 /* Home */,
			);
			path = Protocol;
			sourceTree = "<group>";
		};
		2848947D25E423D600DB7426 /* Resources */ = {
			isa = PBXGroup;
			children = (
				284894B125E44EE300DB7426 /* MockCreditScore.json */,
				2848947E25E423EE00DB7426 /* Localizable.strings */,
			);
			path = Resources;
			sourceTree = "<group>";
		};
		2848948525E4246D00DB7426 /* Services */ = {
			isa = PBXGroup;
			children = (
				284894CA25E45A4C00DB7426 /* NetworkServices */,
				2848948925E424B200DB7426 /* CreditScoreServices.swift */,
			);
			path = Services;
			sourceTree = "<group>";
		};
		284894CA25E45A4C00DB7426 /* NetworkServices */ = {
			isa = PBXGroup;
			children = (
				2818D9D625EC2A8F00F30E5A /* APIServices.swift */,
				284894CB25E45A6200DB7426 /* ServiceRequest.swift */,
			);
			path = NetworkServices;
			sourceTree = "<group>";
		};
		2849D7D625E545D90017F265 /* Services */ = {
			isa = PBXGroup;
			children = (
				2849D7E225E546160017F265 /* CreditScoreServicesMock.swift */,
			);
			path = Services;
			sourceTree = "<group>";
		};
		2849D7E925E5461C0017F265 /* VM */ = {
			isa = PBXGroup;
			children = (
				2842623425E9A51E0067E43D /* Home */,
			);
			path = VM;
			sourceTree = "<group>";
		};
		28602E0125E9CFAA008F089D /* CreditScoreUITests */ = {
			isa = PBXGroup;
			children = (
				28602E0225E9CFAA008F089D /* CreditScoreUITests.swift */,
				28602E0425E9CFAA008F089D /* Info.plist */,
			);
			path = CreditScoreUITests;
			sourceTree = "<group>";
		};
		289C01F225E942310006CA39 /* Home */ = {
			isa = PBXGroup;
			children = (
				2848946925E422EE00DB7426 /* HomeCreditScoreVM.swift */,
			);
			path = Home;
			sourceTree = "<group>";
		};
		289C021825E945370006CA39 /* Home */ = {
			isa = PBXGroup;
			children = (
				2848944625E4224200DB7426 /* HomeCreditScoreVMProtocol.swift */,
			);
			path = Home;
			sourceTree = "<group>";
		};
		289C021925E9453E0006CA39 /* Service */ = {
			isa = PBXGroup;
			children = (
				2848944425E4224100DB7426 /* APICreditScoreProtocol.swift */,
			);
			path = Service;
			sourceTree = "<group>";
		};
		28AD401725EEF4930074AEA1 /* Detail */ = {
			isa = PBXGroup;
			children = (
				28AD401825EEF4BC0074AEA1 /* DetailCreditScoreVC.swift */,
			);
			path = Detail;
			sourceTree = "<group>";
		};
		28B506DB25EE3A01001A00FC /* DonutView */ = {
			isa = PBXGroup;
			children = (
				2848944725E4224200DB7426 /* DonutVMProtocol.swift */,
				287ED9EF25ED9824007ABCFF /* DonutView.swift */,
				284894C125E457C800DB7426 /* DonutViewVM.swift */,
				287ED9F025ED9824007ABCFF /* DonutView.xib */,
			);
			path = DonutView;
			sourceTree = "<group>";
		};
		28D18F9C25EC5870005C2439 /* View */ = {
			isa = PBXGroup;
			children = (
				28D18F9D25EC5878005C2439 /* Home */,
			);
			path = View;
			sourceTree = "<group>";
		};
		28D18F9D25EC5878005C2439 /* Home */ = {
			isa = PBXGroup;
			children = (
				28D18F9E25EC5891005C2439 /* HomeCreditScoreVCTests.swift */,
			);
			path = Home;
			sourceTree = "<group>";
		};
/* End PBXGroup section */

/* Begin PBXNativeTarget section */
		2848936C25E410BC00DB7426 /* CreditScore */ = {
			isa = PBXNativeTarget;
			buildConfigurationList = 2848939725E410BD00DB7426 /* Build configuration list for PBXNativeTarget "CreditScore" */;
			buildPhases = (
				2848936925E410BC00DB7426 /* Sources */,
				2848936A25E410BC00DB7426 /* Frameworks */,
				2848936B25E410BC00DB7426 /* Resources */,
			);
			buildRules = (
			);
			dependencies = (
			);
			name = CreditScore;
			packageProductDependencies = (
				285C65CA25ED5A37000011F0 /* Alamofire */,
			);
			productName = Character;
			productReference = 2848936D25E410BC00DB7426 /* CreditScore.app */;
			productType = "com.apple.product-type.application";
		};
		2848938225E410BD00DB7426 /* CreditScoreTests */ = {
			isa = PBXNativeTarget;
			buildConfigurationList = 2848939A25E410BD00DB7426 /* Build configuration list for PBXNativeTarget "CreditScoreTests" */;
			buildPhases = (
				2848937F25E410BD00DB7426 /* Sources */,
				2848938025E410BD00DB7426 /* Frameworks */,
				2848938125E410BD00DB7426 /* Resources */,
			);
			buildRules = (
			);
			dependencies = (
				2848938525E410BD00DB7426 /* PBXTargetDependency */,
			);
			name = CreditScoreTests;
			productName = CharacterTests;
			productReference = 2848938325E410BD00DB7426 /* CreditScoreTests.xctest */;
			productType = "com.apple.product-type.bundle.unit-test";
		};
		28602DFF25E9CFAA008F089D /* CreditScoreUITests */ = {
			isa = PBXNativeTarget;
			buildConfigurationList = 28602E0725E9CFAA008F089D /* Build configuration list for PBXNativeTarget "CreditScoreUITests" */;
			buildPhases = (
				28602DFC25E9CFAA008F089D /* Sources */,
				28602DFD25E9CFAA008F089D /* Frameworks */,
				28602DFE25E9CFAA008F089D /* Resources */,
			);
			buildRules = (
			);
			dependencies = (
				28602E0625E9CFAA008F089D /* PBXTargetDependency */,
			);
			name = CreditScoreUITests;
			productName = CharacterUITests;
			productReference = 28602E0025E9CFAA008F089D /* CreditScoreUITests.xctest */;
			productType = "com.apple.product-type.bundle.ui-testing";
		};
/* End PBXNativeTarget section */

/* Begin PBXProject section */
		2848936525E410BC00DB7426 /* Project object */ = {
			isa = PBXProject;
			attributes = {
				LastSwiftUpdateCheck = 1240;
				LastUpgradeCheck = 1240;
				TargetAttributes = {
					2848936C25E410BC00DB7426 = {
						CreatedOnToolsVersion = 12.4;
					};
					2848938225E410BD00DB7426 = {
						CreatedOnToolsVersion = 12.4;
						TestTargetID = 2848936C25E410BC00DB7426;
					};
					28602DFF25E9CFAA008F089D = {
						CreatedOnToolsVersion = 12.4;
						TestTargetID = 2848936C25E410BC00DB7426;
					};
				};
			};
			buildConfigurationList = 2848936825E410BC00DB7426 /* Build configuration list for PBXProject "CreditScore" */;
			compatibilityVersion = "Xcode 9.3";
			developmentRegion = en;
			hasScannedForEncodings = 0;
			knownRegions = (
				en,
				Base,
			);
			mainGroup = 2848936425E410BC00DB7426;
			packageReferences = (
				285C65C925ED5A37000011F0 /* XCRemoteSwiftPackageReference "Alamofire" */,
			);
			productRefGroup = 2848936E25E410BC00DB7426 /* Products */;
			projectDirPath = "";
			projectRoot = "";
			targets = (
				2848936C25E410BC00DB7426 /* CreditScore */,
				2848938225E410BD00DB7426 /* CreditScoreTests */,
				28602DFF25E9CFAA008F089D /* CreditScoreUITests */,
			);
		};
/* End PBXProject section */

/* Begin PBXResourcesBuildPhase section */
		2848936B25E410BC00DB7426 /* Resources */ = {
			isa = PBXResourcesBuildPhase;
			buildActionMask = 2147483647;
			files = (
				287ED9F425ED9824007ABCFF /* DonutView.xib in Resources */,
				284893AE25E4111100DB7426 /* Development.xcconfig in Resources */,
				284894B225E44EE300DB7426 /* MockCreditScore.json in Resources */,
				284893A825E4111100DB7426 /* Staging.xcconfig in Resources */,
				284893AB25E4111100DB7426 /* Production.xcconfig in Resources */,
				2848947F25E423EE00DB7426 /* Localizable.strings in Resources */,
				284893DF25E413FE00DB7426 /* Main.storyboard in Resources */,
				2848937D25E410BD00DB7426 /* LaunchScreen.storyboard in Resources */,
				2848937A25E410BD00DB7426 /* Assets.xcassets in Resources */,
			);
			runOnlyForDeploymentPostprocessing = 0;
		};
		2848938125E410BD00DB7426 /* Resources */ = {
			isa = PBXResourcesBuildPhase;
			buildActionMask = 2147483647;
			files = (
				287ED9F525ED9824007ABCFF /* DonutView.xib in Resources */,
				2848948025E423EE00DB7426 /* Localizable.strings in Resources */,
				284893AF25E4111100DB7426 /* Development.xcconfig in Resources */,
				284893A925E4111100DB7426 /* Staging.xcconfig in Resources */,
				284893AC25E4111100DB7426 /* Production.xcconfig in Resources */,
				28602DA925E9CF1B008F089D /* LaunchScreen.storyboard in Resources */,
				284893E025E413FE00DB7426 /* Main.storyboard in Resources */,
				28602DF225E9CF57008F089D /* Assets.xcassets in Resources */,
				284894B325E44EE300DB7426 /* MockCreditScore.json in Resources */,
			);
			runOnlyForDeploymentPostprocessing = 0;
		};
		28602DFE25E9CFAA008F089D /* Resources */ = {
			isa = PBXResourcesBuildPhase;
			buildActionMask = 2147483647;
			files = (
				287ED9F625ED9824007ABCFF /* DonutView.xib in Resources */,
			);
			runOnlyForDeploymentPostprocessing = 0;
		};
/* End PBXResourcesBuildPhase section */

/* Begin PBXSourcesBuildPhase section */
		2848936925E410BC00DB7426 /* Sources */ = {
			isa = PBXSourcesBuildPhase;
			buildActionMask = 2147483647;
			files = (
				284894C225E457C800DB7426 /* DonutViewVM.swift in Sources */,
				2848945125E4224200DB7426 /* DonutVMProtocol.swift in Sources */,
				28AD401925EEF4BC0074AEA1 /* DetailCreditScoreVC.swift in Sources */,
				2848946A25E422EE00DB7426 /* HomeCreditScoreVM.swift in Sources */,
				2848937525E410BC00DB7426 /* HomeCreditScoreVC.swift in Sources */,
				284893D225E4125E00DB7426 /* Helper.swift in Sources */,
				287ED9F125ED9824007ABCFF /* DonutView.swift in Sources */,
				284894CC25E45A6200DB7426 /* ServiceRequest.swift in Sources */,
				284893CF25E4125E00DB7426 /* Extensions.swift in Sources */,
				2849D7E325E546160017F265 /* CreditScoreServicesMock.swift in Sources */,
				28FBD07A25ED712E00649A5F /* AppDelegate.swift in Sources */,
				2848944825E4224200DB7426 /* APICreditScoreProtocol.swift in Sources */,
				284893B125E4111100DB7426 /* AppConfiguration.swift in Sources */,
				2818D9D725EC2A8F00F30E5A /* APIServices.swift in Sources */,
				2848944E25E4224200DB7426 /* HomeCreditScoreVMProtocol.swift in Sources */,
				284893C525E4121F00DB7426 /* AppRouter.swift in Sources */,
				2848942B25E4192300DB7426 /* CreditScore.swift in Sources */,
				2848948A25E424B200DB7426 /* CreditScoreServices.swift in Sources */,
				2848937325E410BC00DB7426 /* SceneDelegate.swift in Sources */,
				284893D525E4125E00DB7426 /* Constants.swift in Sources */,
			);
			runOnlyForDeploymentPostprocessing = 0;
		};
		2848937F25E410BD00DB7426 /* Sources */ = {
			isa = PBXSourcesBuildPhase;
			buildActionMask = 2147483647;
			files = (
				28AD401A25EEF4BC0074AEA1 /* DetailCreditScoreVC.swift in Sources */,
				28FBD07B25ED712E00649A5F /* AppDelegate.swift in Sources */,
				2848944925E4224200DB7426 /* APICreditScoreProtocol.swift in Sources */,
				2818D9D825EC2A8F00F30E5A /* APIServices.swift in Sources */,
				2848946B25E422EE00DB7426 /* HomeCreditScoreVM.swift in Sources */,
				284894C325E457C800DB7426 /* DonutViewVM.swift in Sources */,
				2849D7EB25E5462F0017F265 /* HomeCreditScoreVMTests.swift in Sources */,
				284893B225E4111100DB7426 /* AppConfiguration.swift in Sources */,
				2848942C25E4192300DB7426 /* CreditScore.swift in Sources */,
				2848940125E4163A00DB7426 /* SceneDelegate.swift in Sources */,
				2848938825E410BD00DB7426 /* CreditScoreTests.swift in Sources */,
				2848945225E4224200DB7426 /* DonutVMProtocol.swift in Sources */,
				2848948B25E424B200DB7426 /* CreditScoreServices.swift in Sources */,
				287ED9F225ED9824007ABCFF /* DonutView.swift in Sources */,
				2849D7E425E546160017F265 /* CreditScoreServicesMock.swift in Sources */,
				28D18F9F25EC5891005C2439 /* HomeCreditScoreVCTests.swift in Sources */,
				28871DB625E87499005F881B /* DonutViewVMTests.swift in Sources */,
				284893D325E4125E00DB7426 /* Helper.swift in Sources */,
				284894CD25E45A6200DB7426 /* ServiceRequest.swift in Sources */,
				284893C625E4121F00DB7426 /* AppRouter.swift in Sources */,
				2848940625E4163F00DB7426 /* HomeCreditScoreVC.swift in Sources */,
				2848944F25E4224200DB7426 /* HomeCreditScoreVMProtocol.swift in Sources */,
				284893D025E4125E00DB7426 /* Extensions.swift in Sources */,
				284893D625E4125E00DB7426 /* Constants.swift in Sources */,
			);
			runOnlyForDeploymentPostprocessing = 0;
		};
		28602DFC25E9CFAA008F089D /* Sources */ = {
			isa = PBXSourcesBuildPhase;
			buildActionMask = 2147483647;
			files = (
				28FBD07C25ED712E00649A5F /* AppDelegate.swift in Sources */,
				28602E0325E9CFAA008F089D /* CreditScoreUITests.swift in Sources */,
				287ED9F325ED9824007ABCFF /* DonutView.swift in Sources */,
				28AD401B25EEF4BC0074AEA1 /* DetailCreditScoreVC.swift in Sources */,
			);
			runOnlyForDeploymentPostprocessing = 0;
		};
/* End PBXSourcesBuildPhase section */

/* Begin PBXTargetDependency section */
		2848938525E410BD00DB7426 /* PBXTargetDependency */ = {
			isa = PBXTargetDependency;
			target = 2848936C25E410BC00DB7426 /* CreditScore */;
			targetProxy = 2848938425E410BD00DB7426 /* PBXContainerItemProxy */;
		};
		28602E0625E9CFAA008F089D /* PBXTargetDependency */ = {
			isa = PBXTargetDependency;
			target = 2848936C25E410BC00DB7426 /* CreditScore */;
			targetProxy = 28602E0525E9CFAA008F089D /* PBXContainerItemProxy */;
		};
/* End PBXTargetDependency section */

/* Begin PBXVariantGroup section */
		2848937B25E410BD00DB7426 /* LaunchScreen.storyboard */ = {
			isa = PBXVariantGroup;
			children = (
				2848937C25E410BD00DB7426 /* Base */,
			);
			name = LaunchScreen.storyboard;
			sourceTree = "<group>";
		};
/* End PBXVariantGroup section */

/* Begin XCBuildConfiguration section */
		2848939525E410BD00DB7426 /* Debug */ = {
			isa = XCBuildConfiguration;
			buildSettings = {
				ALWAYS_SEARCH_USER_PATHS = NO;
				CLANG_ANALYZER_NONNULL = YES;
				CLANG_ANALYZER_NUMBER_OBJECT_CONVERSION = YES_AGGRESSIVE;
				CLANG_CXX_LANGUAGE_STANDARD = "gnu++14";
				CLANG_CXX_LIBRARY = "libc++";
				CLANG_ENABLE_MODULES = YES;
				CLANG_ENABLE_OBJC_ARC = YES;
				CLANG_ENABLE_OBJC_WEAK = YES;
				CLANG_WARN_BLOCK_CAPTURE_AUTORELEASING = YES;
				CLANG_WARN_BOOL_CONVERSION = YES;
				CLANG_WARN_COMMA = YES;
				CLANG_WARN_CONSTANT_CONVERSION = YES;
				CLANG_WARN_DEPRECATED_OBJC_IMPLEMENTATIONS = YES;
				CLANG_WARN_DIRECT_OBJC_ISA_USAGE = YES_ERROR;
				CLANG_WARN_DOCUMENTATION_COMMENTS = YES;
				CLANG_WARN_EMPTY_BODY = YES;
				CLANG_WARN_ENUM_CONVERSION = YES;
				CLANG_WARN_INFINITE_RECURSION = YES;
				CLANG_WARN_INT_CONVERSION = YES;
				CLANG_WARN_NON_LITERAL_NULL_CONVERSION = YES;
				CLANG_WARN_OBJC_IMPLICIT_RETAIN_SELF = YES;
				CLANG_WARN_OBJC_LITERAL_CONVERSION = YES;
				CLANG_WARN_OBJC_ROOT_CLASS = YES_ERROR;
				CLANG_WARN_QUOTED_INCLUDE_IN_FRAMEWORK_HEADER = YES;
				CLANG_WARN_RANGE_LOOP_ANALYSIS = YES;
				CLANG_WARN_STRICT_PROTOTYPES = YES;
				CLANG_WARN_SUSPICIOUS_MOVE = YES;
				CLANG_WARN_UNGUARDED_AVAILABILITY = YES_AGGRESSIVE;
				CLANG_WARN_UNREACHABLE_CODE = YES;
				CLANG_WARN__DUPLICATE_METHOD_MATCH = YES;
				COPY_PHASE_STRIP = NO;
				DEBUG_INFORMATION_FORMAT = dwarf;
				ENABLE_STRICT_OBJC_MSGSEND = YES;
				ENABLE_TESTABILITY = YES;
				GCC_C_LANGUAGE_STANDARD = gnu11;
				GCC_DYNAMIC_NO_PIC = NO;
				GCC_NO_COMMON_BLOCKS = YES;
				GCC_OPTIMIZATION_LEVEL = 0;
				GCC_PREPROCESSOR_DEFINITIONS = (
					"DEBUG=1",
					"$(inherited)",
				);
				GCC_WARN_64_TO_32_BIT_CONVERSION = YES;
				GCC_WARN_ABOUT_RETURN_TYPE = YES_ERROR;
				GCC_WARN_UNDECLARED_SELECTOR = YES;
				GCC_WARN_UNINITIALIZED_AUTOS = YES_AGGRESSIVE;
				GCC_WARN_UNUSED_FUNCTION = YES;
				GCC_WARN_UNUSED_VARIABLE = YES;
				IPHONEOS_DEPLOYMENT_TARGET = 13.0;
				MTL_ENABLE_DEBUG_INFO = INCLUDE_SOURCE;
				MTL_FAST_MATH = YES;
				ONLY_ACTIVE_ARCH = YES;
				SDKROOT = iphoneos;
				SWIFT_ACTIVE_COMPILATION_CONDITIONS = DEBUG;
				SWIFT_OPTIMIZATION_LEVEL = "-Onone";
			};
			name = Debug;
		};
		2848939625E410BD00DB7426 /* Release */ = {
			isa = XCBuildConfiguration;
			buildSettings = {
				ALWAYS_SEARCH_USER_PATHS = NO;
				CLANG_ANALYZER_NONNULL = YES;
				CLANG_ANALYZER_NUMBER_OBJECT_CONVERSION = YES_AGGRESSIVE;
				CLANG_CXX_LANGUAGE_STANDARD = "gnu++14";
				CLANG_CXX_LIBRARY = "libc++";
				CLANG_ENABLE_MODULES = YES;
				CLANG_ENABLE_OBJC_ARC = YES;
				CLANG_ENABLE_OBJC_WEAK = YES;
				CLANG_WARN_BLOCK_CAPTURE_AUTORELEASING = YES;
				CLANG_WARN_BOOL_CONVERSION = YES;
				CLANG_WARN_COMMA = YES;
				CLANG_WARN_CONSTANT_CONVERSION = YES;
				CLANG_WARN_DEPRECATED_OBJC_IMPLEMENTATIONS = YES;
				CLANG_WARN_DIRECT_OBJC_ISA_USAGE = YES_ERROR;
				CLANG_WARN_DOCUMENTATION_COMMENTS = YES;
				CLANG_WARN_EMPTY_BODY = YES;
				CLANG_WARN_ENUM_CONVERSION = YES;
				CLANG_WARN_INFINITE_RECURSION = YES;
				CLANG_WARN_INT_CONVERSION = YES;
				CLANG_WARN_NON_LITERAL_NULL_CONVERSION = YES;
				CLANG_WARN_OBJC_IMPLICIT_RETAIN_SELF = YES;
				CLANG_WARN_OBJC_LITERAL_CONVERSION = YES;
				CLANG_WARN_OBJC_ROOT_CLASS = YES_ERROR;
				CLANG_WARN_QUOTED_INCLUDE_IN_FRAMEWORK_HEADER = YES;
				CLANG_WARN_RANGE_LOOP_ANALYSIS = YES;
				CLANG_WARN_STRICT_PROTOTYPES = YES;
				CLANG_WARN_SUSPICIOUS_MOVE = YES;
				CLANG_WARN_UNGUARDED_AVAILABILITY = YES_AGGRESSIVE;
				CLANG_WARN_UNREACHABLE_CODE = YES;
				CLANG_WARN__DUPLICATE_METHOD_MATCH = YES;
				COPY_PHASE_STRIP = NO;
				DEBUG_INFORMATION_FORMAT = "dwarf-with-dsym";
				ENABLE_NS_ASSERTIONS = NO;
				ENABLE_STRICT_OBJC_MSGSEND = YES;
				GCC_C_LANGUAGE_STANDARD = gnu11;
				GCC_NO_COMMON_BLOCKS = YES;
				GCC_WARN_64_TO_32_BIT_CONVERSION = YES;
				GCC_WARN_ABOUT_RETURN_TYPE = YES_ERROR;
				GCC_WARN_UNDECLARED_SELECTOR = YES;
				GCC_WARN_UNINITIALIZED_AUTOS = YES_AGGRESSIVE;
				GCC_WARN_UNUSED_FUNCTION = YES;
				GCC_WARN_UNUSED_VARIABLE = YES;
				IPHONEOS_DEPLOYMENT_TARGET = 13.0;
				MTL_ENABLE_DEBUG_INFO = NO;
				MTL_FAST_MATH = YES;
				SDKROOT = iphoneos;
				SWIFT_COMPILATION_MODE = wholemodule;
				SWIFT_OPTIMIZATION_LEVEL = "-O";
				VALIDATE_PRODUCT = YES;
			};
			name = Release;
		};
		2848939825E410BD00DB7426 /* Debug */ = {
			isa = XCBuildConfiguration;
			baseConfigurationReference = 284893A625E4111100DB7426 /* Development.xcconfig */;
			buildSettings = {
				ASSETCATALOG_COMPILER_APPICON_NAME = AppIcon_Dev;
				ASSETCATALOG_COMPILER_GLOBAL_ACCENT_COLOR_NAME = AccentColor;
				CODE_SIGN_IDENTITY = "Apple Development";
				CODE_SIGN_STYLE = Automatic;
				DEVELOPMENT_TEAM = "";
				INFOPLIST_FILE = CreditScore/Info.plist;
				LD_RUNPATH_SEARCH_PATHS = (
					"$(inherited)",
					"@executable_path/Frameworks",
				);
				PRODUCT_BUNDLE_IDENTIFIER = com.spice.dev;
				PRODUCT_NAME = "$(TARGET_NAME)";
				PROVISIONING_PROFILE_SPECIFIER = "";
				SWIFT_VERSION = 5.0;
				TARGETED_DEVICE_FAMILY = "1,2";
			};
			name = Debug;
		};
		2848939925E410BD00DB7426 /* Release */ = {
			isa = XCBuildConfiguration;
			baseConfigurationReference = 284893A525E4111100DB7426 /* Production.xcconfig */;
			buildSettings = {
				ASSETCATALOG_COMPILER_APPICON_NAME = AppIcon_Prod;
				ASSETCATALOG_COMPILER_GLOBAL_ACCENT_COLOR_NAME = AccentColor;
				CODE_SIGN_STYLE = Automatic;
				INFOPLIST_FILE = CreditScore/Info.plist;
				LD_RUNPATH_SEARCH_PATHS = (
					"$(inherited)",
					"@executable_path/Frameworks",
				);
				PRODUCT_BUNDLE_IDENTIFIER = com.spice;
				PRODUCT_NAME = "$(TARGET_NAME)";
				SWIFT_VERSION = 5.0;
				TARGETED_DEVICE_FAMILY = "1,2";
			};
			name = Release;
		};
		2848939B25E410BD00DB7426 /* Debug */ = {
			isa = XCBuildConfiguration;
			buildSettings = {
				ALWAYS_EMBED_SWIFT_STANDARD_LIBRARIES = YES;
				BUNDLE_LOADER = "$(TEST_HOST)";
				CODE_SIGN_STYLE = Automatic;
				INFOPLIST_FILE = CreditScoreTests/Info.plist;
				IPHONEOS_DEPLOYMENT_TARGET = 14.4;
				LD_RUNPATH_SEARCH_PATHS = (
					"$(inherited)",
					"@executable_path/Frameworks",
					"@loader_path/Frameworks",
				);
				PRODUCT_BUNDLE_IDENTIFIER = com.spice.CreditScoreTests;
				PRODUCT_NAME = "$(TARGET_NAME)";
				SWIFT_VERSION = 5.0;
				TARGETED_DEVICE_FAMILY = "1,2";
				TEST_HOST = "$(BUILT_PRODUCTS_DIR)/CreditScore.app/CreditScore";
			};
			name = Debug;
		};
		2848939C25E410BD00DB7426 /* Release */ = {
			isa = XCBuildConfiguration;
			buildSettings = {
				ALWAYS_EMBED_SWIFT_STANDARD_LIBRARIES = YES;
				BUNDLE_LOADER = "$(TEST_HOST)";
				CODE_SIGN_STYLE = Automatic;
				INFOPLIST_FILE = CreditScoreTests/Info.plist;
				IPHONEOS_DEPLOYMENT_TARGET = 14.4;
				LD_RUNPATH_SEARCH_PATHS = (
					"$(inherited)",
					"@executable_path/Frameworks",
					"@loader_path/Frameworks",
				);
				PRODUCT_BUNDLE_IDENTIFIER = com.spice.CreditScoreTests;
				PRODUCT_NAME = "$(TARGET_NAME)";
				SWIFT_VERSION = 5.0;
				TARGETED_DEVICE_FAMILY = "1,2";
				TEST_HOST = "$(BUILT_PRODUCTS_DIR)/CreditScore.app/CreditScore";
			};
			name = Release;
		};
		284893EC25E414F300DB7426 /* Staging */ = {
			isa = XCBuildConfiguration;
			buildSettings = {
				ALWAYS_SEARCH_USER_PATHS = NO;
				CLANG_ANALYZER_NONNULL = YES;
				CLANG_ANALYZER_NUMBER_OBJECT_CONVERSION = YES_AGGRESSIVE;
				CLANG_CXX_LANGUAGE_STANDARD = "gnu++14";
				CLANG_CXX_LIBRARY = "libc++";
				CLANG_ENABLE_MODULES = YES;
				CLANG_ENABLE_OBJC_ARC = YES;
				CLANG_ENABLE_OBJC_WEAK = YES;
				CLANG_WARN_BLOCK_CAPTURE_AUTORELEASING = YES;
				CLANG_WARN_BOOL_CONVERSION = YES;
				CLANG_WARN_COMMA = YES;
				CLANG_WARN_CONSTANT_CONVERSION = YES;
				CLANG_WARN_DEPRECATED_OBJC_IMPLEMENTATIONS = YES;
				CLANG_WARN_DIRECT_OBJC_ISA_USAGE = YES_ERROR;
				CLANG_WARN_DOCUMENTATION_COMMENTS = YES;
				CLANG_WARN_EMPTY_BODY = YES;
				CLANG_WARN_ENUM_CONVERSION = YES;
				CLANG_WARN_INFINITE_RECURSION = YES;
				CLANG_WARN_INT_CONVERSION = YES;
				CLANG_WARN_NON_LITERAL_NULL_CONVERSION = YES;
				CLANG_WARN_OBJC_IMPLICIT_RETAIN_SELF = YES;
				CLANG_WARN_OBJC_LITERAL_CONVERSION = YES;
				CLANG_WARN_OBJC_ROOT_CLASS = YES_ERROR;
				CLANG_WARN_QUOTED_INCLUDE_IN_FRAMEWORK_HEADER = YES;
				CLANG_WARN_RANGE_LOOP_ANALYSIS = YES;
				CLANG_WARN_STRICT_PROTOTYPES = YES;
				CLANG_WARN_SUSPICIOUS_MOVE = YES;
				CLANG_WARN_UNGUARDED_AVAILABILITY = YES_AGGRESSIVE;
				CLANG_WARN_UNREACHABLE_CODE = YES;
				CLANG_WARN__DUPLICATE_METHOD_MATCH = YES;
				COPY_PHASE_STRIP = NO;
				DEBUG_INFORMATION_FORMAT = dwarf;
				ENABLE_STRICT_OBJC_MSGSEND = YES;
				ENABLE_TESTABILITY = YES;
				GCC_C_LANGUAGE_STANDARD = gnu11;
				GCC_DYNAMIC_NO_PIC = NO;
				GCC_NO_COMMON_BLOCKS = YES;
				GCC_OPTIMIZATION_LEVEL = 0;
				GCC_PREPROCESSOR_DEFINITIONS = (
					"DEBUG=1",
					"$(inherited)",
				);
				GCC_WARN_64_TO_32_BIT_CONVERSION = YES;
				GCC_WARN_ABOUT_RETURN_TYPE = YES_ERROR;
				GCC_WARN_UNDECLARED_SELECTOR = YES;
				GCC_WARN_UNINITIALIZED_AUTOS = YES_AGGRESSIVE;
				GCC_WARN_UNUSED_FUNCTION = YES;
				GCC_WARN_UNUSED_VARIABLE = YES;
				IPHONEOS_DEPLOYMENT_TARGET = 13.0;
				MTL_ENABLE_DEBUG_INFO = INCLUDE_SOURCE;
				MTL_FAST_MATH = YES;
				ONLY_ACTIVE_ARCH = YES;
				SDKROOT = iphoneos;
				SWIFT_ACTIVE_COMPILATION_CONDITIONS = DEBUG;
				SWIFT_OPTIMIZATION_LEVEL = "-Onone";
			};
			name = Staging;
		};
		284893ED25E414F300DB7426 /* Staging */ = {
			isa = XCBuildConfiguration;
			baseConfigurationReference = 284893A425E4111100DB7426 /* Staging.xcconfig */;
			buildSettings = {
				ASSETCATALOG_COMPILER_APPICON_NAME = AppIcon_Staging;
				ASSETCATALOG_COMPILER_GLOBAL_ACCENT_COLOR_NAME = AccentColor;
				CODE_SIGN_STYLE = Automatic;
				INFOPLIST_FILE = CreditScore/Info.plist;
				LD_RUNPATH_SEARCH_PATHS = (
					"$(inherited)",
					"@executable_path/Frameworks",
				);
				PRODUCT_BUNDLE_IDENTIFIER = com.spice.staging;
				PRODUCT_NAME = "$(TARGET_NAME)";
				SWIFT_VERSION = 5.0;
				TARGETED_DEVICE_FAMILY = "1,2";
			};
			name = Staging;
		};
		284893EE25E414F300DB7426 /* Staging */ = {
			isa = XCBuildConfiguration;
			buildSettings = {
				ALWAYS_EMBED_SWIFT_STANDARD_LIBRARIES = YES;
				BUNDLE_LOADER = "$(TEST_HOST)";
				CODE_SIGN_STYLE = Automatic;
				INFOPLIST_FILE = CreditScoreTests/Info.plist;
				IPHONEOS_DEPLOYMENT_TARGET = 14.4;
				LD_RUNPATH_SEARCH_PATHS = (
					"$(inherited)",
					"@executable_path/Frameworks",
					"@loader_path/Frameworks",
				);
				PRODUCT_BUNDLE_IDENTIFIER = com.spice.CreditScoreTests;
				PRODUCT_NAME = "$(TARGET_NAME)";
				SWIFT_VERSION = 5.0;
				TARGETED_DEVICE_FAMILY = "1,2";
				TEST_HOST = "$(BUILT_PRODUCTS_DIR)/CreditScore.app/CreditScore";
			};
			name = Staging;
		};
		28602E0825E9CFAA008F089D /* Debug */ = {
			isa = XCBuildConfiguration;
			buildSettings = {
				CODE_SIGN_STYLE = Automatic;
				INFOPLIST_FILE = CreditScoreUITests/Info.plist;
				IPHONEOS_DEPLOYMENT_TARGET = 14.4;
				LD_RUNPATH_SEARCH_PATHS = (
					"$(inherited)",
					"@executable_path/Frameworks",
					"@loader_path/Frameworks",
				);
				PRODUCT_BUNDLE_IDENTIFIER = com.spice.CreditScoreUITests;
				PRODUCT_NAME = "$(TARGET_NAME)";
				SWIFT_VERSION = 5.0;
				TARGETED_DEVICE_FAMILY = "1,2";
				TEST_TARGET_NAME = CreditScore;
			};
			name = Debug;
		};
		28602E0925E9CFAA008F089D /* Staging */ = {
			isa = XCBuildConfiguration;
			buildSettings = {
				CODE_SIGN_STYLE = Automatic;
				INFOPLIST_FILE = CreditScoreUITests/Info.plist;
				IPHONEOS_DEPLOYMENT_TARGET = 14.4;
				LD_RUNPATH_SEARCH_PATHS = (
					"$(inherited)",
					"@executable_path/Frameworks",
					"@loader_path/Frameworks",
				);
				PRODUCT_BUNDLE_IDENTIFIER = com.spice.CreditScoreUITests;
				PRODUCT_NAME = "$(TARGET_NAME)";
				SWIFT_VERSION = 5.0;
				TARGETED_DEVICE_FAMILY = "1,2";
				TEST_TARGET_NAME = CreditScore;
			};
			name = Staging;
		};
		28602E0A25E9CFAA008F089D /* Release */ = {
			isa = XCBuildConfiguration;
			buildSettings = {
				CODE_SIGN_STYLE = Automatic;
				INFOPLIST_FILE = CreditScoreUITests/Info.plist;
				IPHONEOS_DEPLOYMENT_TARGET = 14.4;
				LD_RUNPATH_SEARCH_PATHS = (
					"$(inherited)",
					"@executable_path/Frameworks",
					"@loader_path/Frameworks",
				);
				PRODUCT_BUNDLE_IDENTIFIER = com.spice.CreditScoreUITests;
				PRODUCT_NAME = "$(TARGET_NAME)";
				SWIFT_VERSION = 5.0;
				TARGETED_DEVICE_FAMILY = "1,2";
				TEST_TARGET_NAME = CreditScore;
			};
			name = Release;
		};
/* End XCBuildConfiguration section */

/* Begin XCConfigurationList section */
		2848936825E410BC00DB7426 /* Build configuration list for PBXProject "CreditScore" */ = {
			isa = XCConfigurationList;
			buildConfigurations = (
				2848939525E410BD00DB7426 /* Debug */,
				284893EC25E414F300DB7426 /* Staging */,
				2848939625E410BD00DB7426 /* Release */,
			);
			defaultConfigurationIsVisible = 0;
			defaultConfigurationName = Release;
		};
		2848939725E410BD00DB7426 /* Build configuration list for PBXNativeTarget "CreditScore" */ = {
			isa = XCConfigurationList;
			buildConfigurations = (
				2848939825E410BD00DB7426 /* Debug */,
				284893ED25E414F300DB7426 /* Staging */,
				2848939925E410BD00DB7426 /* Release */,
			);
			defaultConfigurationIsVisible = 0;
			defaultConfigurationName = Release;
		};
		2848939A25E410BD00DB7426 /* Build configuration list for PBXNativeTarget "CreditScoreTests" */ = {
			isa = XCConfigurationList;
			buildConfigurations = (
				2848939B25E410BD00DB7426 /* Debug */,
				284893EE25E414F300DB7426 /* Staging */,
				2848939C25E410BD00DB7426 /* Release */,
			);
			defaultConfigurationIsVisible = 0;
			defaultConfigurationName = Release;
		};
		28602E0725E9CFAA008F089D /* Build configuration list for PBXNativeTarget "CreditScoreUITests" */ = {
			isa = XCConfigurationList;
			buildConfigurations = (
				28602E0825E9CFAA008F089D /* Debug */,
				28602E0925E9CFAA008F089D /* Staging */,
				28602E0A25E9CFAA008F089D /* Release */,
			);
			defaultConfigurationIsVisible = 0;
			defaultConfigurationName = Release;
		};
/* End XCConfigurationList section */

/* Begin XCRemoteSwiftPackageReference section */
		285C65C925ED5A37000011F0 /* XCRemoteSwiftPackageReference "Alamofire" */ = {
			isa = XCRemoteSwiftPackageReference;
			repositoryURL = "https://github.com/Alamofire/Alamofire.git";
			requirement = {
				kind = upToNextMajorVersion;
				minimumVersion = 5.4.1;
			};
		};
/* End XCRemoteSwiftPackageReference section */

/* Begin XCSwiftPackageProductDependency section */
		285C65CA25ED5A37000011F0 /* Alamofire */ = {
			isa = XCSwiftPackageProductDependency;
			package = 285C65C925ED5A37000011F0 /* XCRemoteSwiftPackageReference "Alamofire" */;
			productName = Alamofire;
		};
/* End XCSwiftPackageProductDependency section */
	};
	rootObject = 2848936525E410BC00DB7426 /* Project object */;
}
